
Microsoft Visual Studio Solution File, Format Version 12.00
# Visual Studio 15
VisualStudioVersion = 15.0.27703.1
MinimumVisualStudioVersion = 10.0.40219.1
Project("{FAE04EC0-301F-11D3-BF4B-00C04F79EFBC}") = "Zadatak3", "Zadatak3\Zadatak3.csproj", "{ECEFF605-D913-4AB7-B10E-54FC4B8A8A17}"
EndProject
Global
	GlobalSection(SolutionConfigurationPlatforms) = preSolution
		Debug|Any CPU = Debug|Any CPU
		Release|Any CPU = Release|Any CPU
	EndGlobalSection
	GlobalSection(ProjectConfigurationPlatforms) = postSolution
		{ECEFF605-D913-4AB7-B10E-54FC4B8A8A17}.Debug|Any CPU.ActiveCfg = Debug|Any CPU
		{ECEFF605-D913-4AB7-B10E-54FC4B8A8A17}.Debug|Any CPU.Build.0 = Debug|Any CPU
		{ECEFF605-D913-4AB7-B10E-54FC4B8A8A17}.Release|Any CPU.ActiveCfg = Release|Any CPU
		{ECEFF605-D913-4AB7-B10E-54FC4B8A8A17}.Release|Any CPU.Build.0 = Release|Any CPU
	EndGlobalSection
	GlobalSection(SolutionProperties) = preSolution
		HideSolutionNode = FALSE
	EndGlobalSection
	GlobalSection(ExtensibilityGlobals) = postSolution
		SolutionGuid = {8A165948-263B-48F9-808C-C19E75FF4BB4}
	EndGlobalSection
EndGlobal
